// !$*UTF8*$!
{
	archiveVersion = 1;
	classes = {
	};
	objectVersion = 46;
	objects = {

/* Begin PBXBuildFile section */
		6C7C35021D1DD93000A27525 /* AppDelegate.swift in Sources */ = {isa = PBXBuildFile; fileRef = 6C7C35011D1DD93000A27525 /* AppDelegate.swift */; };
		6C7C35041D1DD93000A27525 /* SearchViewController.swift in Sources */ = {isa = PBXBuildFile; fileRef = 6C7C35031D1DD93000A27525 /* SearchViewController.swift */; };
		6C7C35071D1DD93000A27525 /* Main.storyboard in Resources */ = {isa = PBXBuildFile; fileRef = 6C7C35051D1DD93000A27525 /* Main.storyboard */; };
		6C7C35091D1DD93000A27525 /* Assets.xcassets in Resources */ = {isa = PBXBuildFile; fileRef = 6C7C35081D1DD93000A27525 /* Assets.xcassets */; };
		6C7C350C1D1DD93000A27525 /* LaunchScreen.storyboard in Resources */ = {isa = PBXBuildFile; fileRef = 6C7C350A1D1DD93000A27525 /* LaunchScreen.storyboard */; };
		6CC3B1821D1DDA8B00F8FFD3 /* ResultsTableViewController.swift in Sources */ = {isa = PBXBuildFile; fileRef = 6CC3B1811D1DDA8B00F8FFD3 /* ResultsTableViewController.swift */; };
		6CC3B1871D1DDCCF00F8FFD3 /* Brand.swift in Sources */ = {isa = PBXBuildFile; fileRef = 6CC3B1861D1DDCCF00F8FFD3 /* Brand.swift */; };
		6CC3B1891D1DDCE500F8FFD3 /* ClothingType.swift in Sources */ = {isa = PBXBuildFile; fileRef = 6CC3B1881D1DDCE500F8FFD3 /* ClothingType.swift */; };
		6CC3B18C1D1DDD6700F8FFD3 /* ModelManager.swift in Sources */ = {isa = PBXBuildFile; fileRef = 6CC3B18B1D1DDD6700F8FFD3 /* ModelManager.swift */; };
		6CC3B18E1D1DE80B00F8FFD3 /* Types.swift in Sources */ = {isa = PBXBuildFile; fileRef = 6CC3B18D1D1DE80B00F8FFD3 /* Types.swift */; };
		DE62952A5A572ECBB7B97482 /* Pods_Rokk3rStore.framework in Frameworks */ = {isa = PBXBuildFile; fileRef = 835226395504D6017BACC2A2 /* Pods_Rokk3rStore.framework */; };
/* End PBXBuildFile section */

/* Begin PBXFileReference section */
		3583F59677038A21048F566D /* Pods-Rokk3rStore.debug.xcconfig */ = {isa = PBXFileReference; includeInIndex = 1; lastKnownFileType = text.xcconfig; name = "Pods-Rokk3rStore.debug.xcconfig"; path = "Pods/Target Support Files/Pods-Rokk3rStore/Pods-Rokk3rStore.debug.xcconfig"; sourceTree = "<group>"; };
		6C7C34FE1D1DD92F00A27525 /* Rokk3rStore.app */ = {isa = PBXFileReference; explicitFileType = wrapper.application; includeInIndex = 0; path = Rokk3rStore.app; sourceTree = BUILT_PRODUCTS_DIR; };
		6C7C35011D1DD93000A27525 /* AppDelegate.swift */ = {isa = PBXFileReference; lastKnownFileType = sourcecode.swift; path = AppDelegate.swift; sourceTree = "<group>"; };
		6C7C35031D1DD93000A27525 /* SearchViewController.swift */ = {isa = PBXFileReference; lastKnownFileType = sourcecode.swift; path = SearchViewController.swift; sourceTree = "<group>"; };
		6C7C35061D1DD93000A27525 /* Base */ = {isa = PBXFileReference; lastKnownFileType = file.storyboard; name = Base; path = Base.lproj/Main.storyboard; sourceTree = "<group>"; };
		6C7C35081D1DD93000A27525 /* Assets.xcassets */ = {isa = PBXFileReference; lastKnownFileType = folder.assetcatalog; path = Assets.xcassets; sourceTree = "<group>"; };
		6C7C350B1D1DD93000A27525 /* Base */ = {isa = PBXFileReference; lastKnownFileType = file.storyboard; name = Base; path = Base.lproj/LaunchScreen.storyboard; sourceTree = "<group>"; };
		6C7C350D1D1DD93000A27525 /* Info.plist */ = {isa = PBXFileReference; lastKnownFileType = text.plist.xml; path = Info.plist; sourceTree = "<group>"; };
		6CC3B1811D1DDA8B00F8FFD3 /* ResultsTableViewController.swift */ = {isa = PBXFileReference; fileEncoding = 4; lastKnownFileType = sourcecode.swift; path = ResultsTableViewController.swift; sourceTree = "<group>"; };
		6CC3B1861D1DDCCF00F8FFD3 /* Brand.swift */ = {isa = PBXFileReference; fileEncoding = 4; lastKnownFileType = sourcecode.swift; path = Brand.swift; sourceTree = "<group>"; };
		6CC3B1881D1DDCE500F8FFD3 /* ClothingType.swift */ = {isa = PBXFileReference; fileEncoding = 4; lastKnownFileType = sourcecode.swift; path = ClothingType.swift; sourceTree = "<group>"; };
		6CC3B18B1D1DDD6700F8FFD3 /* ModelManager.swift */ = {isa = PBXFileReference; fileEncoding = 4; lastKnownFileType = sourcecode.swift; path = ModelManager.swift; sourceTree = "<group>"; };
		6CC3B18D1D1DE80B00F8FFD3 /* Types.swift */ = {isa = PBXFileReference; fileEncoding = 4; lastKnownFileType = sourcecode.swift; path = Types.swift; sourceTree = "<group>"; };
		835226395504D6017BACC2A2 /* Pods_Rokk3rStore.framework */ = {isa = PBXFileReference; explicitFileType = wrapper.framework; includeInIndex = 0; path = Pods_Rokk3rStore.framework; sourceTree = BUILT_PRODUCTS_DIR; };
		C0759C37CAA21AD4585BA3DA /* Pods-Rokk3rStore.release.xcconfig */ = {isa = PBXFileReference; includeInIndex = 1; lastKnownFileType = text.xcconfig; name = "Pods-Rokk3rStore.release.xcconfig"; path = "Pods/Target Support Files/Pods-Rokk3rStore/Pods-Rokk3rStore.release.xcconfig"; sourceTree = "<group>"; };
/* End PBXFileReference section */

/* Begin PBXFrameworksBuildPhase section */
		6C7C34FB1D1DD92F00A27525 /* Frameworks */ = {
			isa = PBXFrameworksBuildPhase;
			buildActionMask = 2147483647;
			files = (
				DE62952A5A572ECBB7B97482 /* Pods_Rokk3rStore.framework in Frameworks */,
			);
			runOnlyForDeploymentPostprocessing = 0;
		};
/* End PBXFrameworksBuildPhase section */

/* Begin PBXGroup section */
		6C7C34F51D1DD92F00A27525 = {
			isa = PBXGroup;
			children = (
				6C7C35001D1DD92F00A27525 /* Rokk3rStore */,
				6C7C34FF1D1DD92F00A27525 /* Products */,
				8E1A6883E32638F7091FFB88 /* Pods */,
				DE3014994F537DDACFF4E8EA /* Frameworks */,
			);
			sourceTree = "<group>";
		};
		6C7C34FF1D1DD92F00A27525 /* Products */ = {
			isa = PBXGroup;
			children = (
				6C7C34FE1D1DD92F00A27525 /* Rokk3rStore.app */,
			);
			name = Products;
			sourceTree = "<group>";
		};
		6C7C35001D1DD92F00A27525 /* Rokk3rStore */ = {
			isa = PBXGroup;
			children = (
				6CC3B1851D1DDB7F00F8FFD3 /* SupportingFiles */,
				6CC3B1831D1DDB6700F8FFD3 /* Controllers */,
				6CC3B18A1D1DDCEE00F8FFD3 /* Model */,
				6CC3B1841D1DDB7200F8FFD3 /* Storyboards */,
				6C7C35081D1DD93000A27525 /* Assets.xcassets */,
			);
			path = Rokk3rStore;
			sourceTree = "<group>";
		};
		6CC3B1831D1DDB6700F8FFD3 /* Controllers */ = {
			isa = PBXGroup;
			children = (
				6CC3B1811D1DDA8B00F8FFD3 /* ResultsTableViewController.swift */,
				6C7C35031D1DD93000A27525 /* SearchViewController.swift */,
			);
			name = Controllers;
			sourceTree = "<group>";
		};
		6CC3B1841D1DDB7200F8FFD3 /* Storyboards */ = {
			isa = PBXGroup;
			children = (
				6C7C350A1D1DD93000A27525 /* LaunchScreen.storyboard */,
				6C7C35051D1DD93000A27525 /* Main.storyboard */,
			);
			name = Storyboards;
			sourceTree = "<group>";
		};
		6CC3B1851D1DDB7F00F8FFD3 /* SupportingFiles */ = {
			isa = PBXGroup;
			children = (
				6C7C35011D1DD93000A27525 /* AppDelegate.swift */,
				6C7C350D1D1DD93000A27525 /* Info.plist */,
			);
			name = SupportingFiles;
			sourceTree = "<group>";
		};
		6CC3B18A1D1DDCEE00F8FFD3 /* Model */ = {
			isa = PBXGroup;
			children = (
				6CC3B1861D1DDCCF00F8FFD3 /* Brand.swift */,
				6CC3B1881D1DDCE500F8FFD3 /* ClothingType.swift */,
				6CC3B18B1D1DDD6700F8FFD3 /* ModelManager.swift */,
				6CC3B18D1D1DE80B00F8FFD3 /* Types.swift */,
			);
			name = Model;
			sourceTree = "<group>";
		};
		8E1A6883E32638F7091FFB88 /* Pods */ = {
			isa = PBXGroup;
			children = (
				3583F59677038A21048F566D /* Pods-Rokk3rStore.debug.xcconfig */,
				C0759C37CAA21AD4585BA3DA /* Pods-Rokk3rStore.release.xcconfig */,
			);
			name = Pods;
			sourceTree = "<group>";
		};
		DE3014994F537DDACFF4E8EA /* Frameworks */ = {
			isa = PBXGroup;
			children = (
				835226395504D6017BACC2A2 /* Pods_Rokk3rStore.framework */,
			);
			name = Frameworks;
			sourceTree = "<group>";
		};
/* End PBXGroup section */

/* Begin PBXNativeTarget section */
		6C7C34FD1D1DD92F00A27525 /* Rokk3rStore */ = {
			isa = PBXNativeTarget;
			buildConfigurationList = 6C7C35101D1DD93000A27525 /* Build configuration list for PBXNativeTarget "Rokk3rStore" */;
			buildPhases = (
				778FA0AFA37EA58132ED1397 /* [CP] Check Pods Manifest.lock */,
				6C7C34FA1D1DD92F00A27525 /* Sources */,
				6C7C34FB1D1DD92F00A27525 /* Frameworks */,
				6C7C34FC1D1DD92F00A27525 /* Resources */,
				105E6082265F70012F34A8EC /* [CP] Embed Pods Frameworks */,
				65CEC0B1B69EA0FE10CDCA51 /* [CP] Copy Pods Resources */,
			);
			buildRules = (
			);
			dependencies = (
			);
			name = Rokk3rStore;
			productName = Rokk3rStore;
			productReference = 6C7C34FE1D1DD92F00A27525 /* Rokk3rStore.app */;
			productType = "com.apple.product-type.application";
		};
/* End PBXNativeTarget section */

/* Begin PBXProject section */
		6C7C34F61D1DD92F00A27525 /* Project object */ = {
			isa = PBXProject;
			attributes = {
				LastSwiftUpdateCheck = 0730;
				LastUpgradeCheck = 0730;
				ORGANIZATIONNAME = "Esteban Garcia Henao";
				TargetAttributes = {
					6C7C34FD1D1DD92F00A27525 = {
						CreatedOnToolsVersion = 7.3.1;
					};
				};
			};
			buildConfigurationList = 6C7C34F91D1DD92F00A27525 /* Build configuration list for PBXProject "Rokk3rStore" */;
			compatibilityVersion = "Xcode 3.2";
			developmentRegion = English;
			hasScannedForEncodings = 0;
			knownRegions = (
				en,
				Base,
			);
			mainGroup = 6C7C34F51D1DD92F00A27525;
			productRefGroup = 6C7C34FF1D1DD92F00A27525 /* Products */;
			projectDirPath = "";
			projectRoot = "";
			targets = (
				6C7C34FD1D1DD92F00A27525 /* Rokk3rStore */,
			);
		};
/* End PBXProject section */

/* Begin PBXResourcesBuildPhase section */
		6C7C34FC1D1DD92F00A27525 /* Resources */ = {
			isa = PBXResourcesBuildPhase;
			buildActionMask = 2147483647;
			files = (
				6C7C350C1D1DD93000A27525 /* LaunchScreen.storyboard in Resources */,
				6C7C35091D1DD93000A27525 /* Assets.xcassets in Resources */,
				6C7C35071D1DD93000A27525 /* Main.storyboard in Resources */,
			);
			runOnlyForDeploymentPostprocessing = 0;
		};
/* End PBXResourcesBuildPhase section */

/* Begin PBXShellScriptBuildPhase section */
		105E6082265F70012F34A8EC /* [CP] Embed Pods Frameworks */ = {
			isa = PBXShellScriptBuildPhase;
			buildActionMask = 2147483647;
			files = (
			);
			inputPaths = (
			);
			name = "[CP] Embed Pods Frameworks";
			outputPaths = (
			);
			runOnlyForDeploymentPostprocessing = 0;
			shellPath = /bin/sh;
			shellScript = "\"${SRCROOT}/Pods/Target Support Files/Pods-Rokk3rStore/Pods-Rokk3rStore-frameworks.sh\"\n";
			showEnvVarsInLog = 0;
		};
		65CEC0B1B69EA0FE10CDCA51 /* [CP] Copy Pods Resources */ = {
			isa = PBXShellScriptBuildPhase;
			buildActionMask = 2147483647;
			files = (
			);
			inputPaths = (
			);
			name = "[CP] Copy Pods Resources";
			outputPaths = (
			);
			runOnlyForDeploymentPostprocessing = 0;
			shellPath = /bin/sh;
			shellScript = "\"${SRCROOT}/Pods/Target Support Files/Pods-Rokk3rStore/Pods-Rokk3rStore-resources.sh\"\n";
			showEnvVarsInLog = 0;
		};
		778FA0AFA37EA58132ED1397 /* [CP] Check Pods Manifest.lock */ = {
			isa = PBXShellScriptBuildPhase;
			buildActionMask = 2147483647;
			files = (
			);
			inputPaths = (
			);
			name = "[CP] Check Pods Manifest.lock";
			outputPaths = (
			);
			runOnlyForDeploymentPostprocessing = 0;
			shellPath = /bin/sh;
			shellScript = "diff \"${PODS_ROOT}/../Podfile.lock\" \"${PODS_ROOT}/Manifest.lock\" > /dev/null\nif [[ $? != 0 ]] ; then\n    cat << EOM\nerror: The sandbox is not in sync with the Podfile.lock. Run 'pod install' or update your CocoaPods installation.\nEOM\n    exit 1\nfi\n";
			showEnvVarsInLog = 0;
		};
/* End PBXShellScriptBuildPhase section */

/* Begin PBXSourcesBuildPhase section */
		6C7C34FA1D1DD92F00A27525 /* Sources */ = {
			isa = PBXSourcesBuildPhase;
			buildActionMask = 2147483647;
			files = (
				6CC3B1821D1DDA8B00F8FFD3 /* ResultsTableViewController.swift in Sources */,
				6CC3B1891D1DDCE500F8FFD3 /* ClothingType.swift in Sources */,
				6CC3B1871D1DDCCF00F8FFD3 /* Brand.swift in Sources */,
				6CC3B18E1D1DE80B00F8FFD3 /* Types.swift in Sources */,
				6C7C35041D1DD93000A27525 /* SearchViewController.swift in Sources */,
				6C7C35021D1DD93000A27525 /* AppDelegate.swift in Sources */,
				6CC3B18C1D1DDD6700F8FFD3 /* ModelManager.swift in Sources */,
			);
			runOnlyForDeploymentPostprocessing = 0;
		};
/* End PBXSourcesBuildPhase section */

/* Begin PBXVariantGroup section */
		6C7C35051D1DD93000A27525 /* Main.storyboard */ = {
			isa = PBXVariantGroup;
			children = (
				6C7C35061D1DD93000A27525 /* Base */,
			);
			name = Main.storyboard;
			sourceTree = "<group>";
		};
		6C7C350A1D1DD93000A27525 /* LaunchScreen.storyboard */ = {
			isa = PBXVariantGroup;
			children = (
				6C7C350B1D1DD93000A27525 /* Base */,
			);
			name = LaunchScreen.storyboard;
			sourceTree = "<group>";
		};
/* End PBXVariantGroup section */

/* Begin XCBuildConfiguration section */
		6C7C350E1D1DD93000A27525 /* Debug */ = {
			isa = XCBuildConfiguration;
			buildSettings = {
				ALWAYS_SEARCH_USER_PATHS = NO;
				CLANG_ANALYZER_NONNULL = YES;
				CLANG_CXX_LANGUAGE_STANDARD = "gnu++0x";
				CLANG_CXX_LIBRARY = "libc++";
				CLANG_ENABLE_MODULES = YES;
				CLANG_ENABLE_OBJC_ARC = YES;
				CLANG_WARN_BOOL_CONVERSION = YES;
				CLANG_WARN_CONSTANT_CONVERSION = YES;
				CLANG_WARN_DIRECT_OBJC_ISA_USAGE = YES_ERROR;
				CLANG_WARN_EMPTY_BODY = YES;
				CLANG_WARN_ENUM_CONVERSION = YES;
				CLANG_WARN_INT_CONVERSION = YES;
				CLANG_WARN_OBJC_ROOT_CLASS = YES_ERROR;
				CLANG_WARN_UNREACHABLE_CODE = YES;
				CLANG_WARN__DUPLICATE_METHOD_MATCH = YES;
				"CODE_SIGN_IDENTITY[sdk=iphoneos*]" = "iPhone Developer";
				COPY_PHASE_STRIP = NO;
				DEBUG_INFORMATION_FORMAT = dwarf;
				ENABLE_STRICT_OBJC_MSGSEND = YES;
				ENABLE_TESTABILITY = YES;
				GCC_C_LANGUAGE_STANDARD = gnu99;
				GCC_DYNAMIC_NO_PIC = NO;
				GCC_NO_COMMON_BLOCKS = YES;
				GCC_OPTIMIZATION_LEVEL = 0;
				GCC_PREPROCESSOR_DEFINITIONS = (
					"DEBUG=1",
					"$(inherited)",
				);
				GCC_WARN_64_TO_32_BIT_CONVERSION = YES;
				GCC_WARN_ABOUT_RETURN_TYPE = YES_ERROR;
				GCC_WARN_UNDECLARED_SELECTOR = YES;
				GCC_WARN_UNINITIALIZED_AUTOS = YES_AGGRESSIVE;
				GCC_WARN_UNUSED_FUNCTION = YES;
				GCC_WARN_UNUSED_VARIABLE = YES;
				IPHONEOS_DEPLOYMENT_TARGET = 9.3;
				MTL_ENABLE_DEBUG_INFO = YES;
				ONLY_ACTIVE_ARCH = YES;
				SDKROOT = iphoneos;
				SWIFT_OPTIMIZATION_LEVEL = "-Onone";
				TARGETED_DEVICE_FAMILY = "1,2";
			};
			name = Debug;
		};
		6C7C350F1D1DD93000A27525 /* Release */ = {
			isa = XCBuildConfiguration;
			buildSettings = {
				ALWAYS_SEARCH_USER_PATHS = NO;
				CLANG_ANALYZER_NONNULL = YES;
				CLANG_CXX_LANGUAGE_STANDARD = "gnu++0x";
				CLANG_CXX_LIBRARY = "libc++";
				CLANG_ENABLE_MODULES = YES;
				CLANG_ENABLE_OBJC_ARC = YES;
				CLANG_WARN_BOOL_CONVERSION = YES;
				CLANG_WARN_CONSTANT_CONVERSION = YES;
				CLANG_WARN_DIRECT_OBJC_ISA_USAGE = YES_ERROR;
				CLANG_WARN_EMPTY_BODY = YES;
				CLANG_WARN_ENUM_CONVERSION = YES;
				CLANG_WARN_INT_CONVERSION = YES;
				CLANG_WARN_OBJC_ROOT_CLASS = YES_ERROR;
				CLANG_WARN_UNREACHABLE_CODE = YES;
				CLANG_WARN__DUPLICATE_METHOD_MATCH = YES;
				"CODE_SIGN_IDENTITY[sdk=iphoneos*]" = "iPhone Developer";
				COPY_PHASE_STRIP = NO;
				DEBUG_INFORMATION_FORMAT = "dwarf-with-dsym";
				ENABLE_NS_ASSERTIONS = NO;
				ENABLE_STRICT_OBJC_MSGSEND = YES;
				GCC_C_LANGUAGE_STANDARD = gnu99;
				GCC_NO_COMMON_BLOCKS = YES;
				GCC_WARN_64_TO_32_BIT_CONVERSION = YES;
				GCC_WARN_ABOUT_RETURN_TYPE = YES_ERROR;
				GCC_WARN_UNDECLARED_SELECTOR = YES;
				GCC_WARN_UNINITIALIZED_AUTOS = YES_AGGRESSIVE;
				GCC_WARN_UNUSED_FUNCTION = YES;
				GCC_WARN_UNUSED_VARIABLE = YES;
				IPHONEOS_DEPLOYMENT_TARGET = 9.3;
				MTL_ENABLE_DEBUG_INFO = NO;
				SDKROOT = iphoneos;
				TARGETED_DEVICE_FAMILY = "1,2";
				VALIDATE_PRODUCT = YES;
			};
			name = Release;
		};
		6C7C35111D1DD93000A27525 /* Debug */ = {
			isa = XCBuildConfiguration;
			baseConfigurationReference = 3583F59677038A21048F566D /* Pods-Rokk3rStore.debug.xcconfig */;
			buildSettings = {
				ASSETCATALOG_COMPILER_APPICON_NAME = AppIcon;
				INFOPLIST_FILE = Rokk3rStore/Info.plist;
				LD_RUNPATH_SEARCH_PATHS = "$(inherited) @executable_path/Frameworks";
				PRODUCT_BUNDLE_IDENTIFIER = com.estebangh.Rokk3rStore;
				PRODUCT_NAME = "$(TARGET_NAME)";
			};
			name = Debug;
		};
		6C7C35121D1DD93000A27525 /* Release */ = {
			isa = XCBuildConfiguration;
			baseConfigurationReference = C0759C37CAA21AD4585BA3DA /* Pods-Rokk3rStore.release.xcconfig */;
			buildSettings = {
				ASSETCATALOG_COMPILER_APPICON_NAME = AppIcon;
				INFOPLIST_FILE = Rokk3rStore/Info.plist;
				LD_RUNPATH_SEARCH_PATHS = "$(inherited) @executable_path/Frameworks";
				PRODUCT_BUNDLE_IDENTIFIER = com.estebangh.Rokk3rStore;
				PRODUCT_NAME = "$(TARGET_NAME)";
			};
			name = Release;
		};
/* End XCBuildConfiguration section */

/* Begin XCConfigurationList section */
		6C7C34F91D1DD92F00A27525 /* Build configuration list for PBXProject "Rokk3rStore" */ = {
			isa = XCConfigurationList;
			buildConfigurations = (
				6C7C350E1D1DD93000A27525 /* Debug */,
				6C7C350F1D1DD93000A27525 /* Release */,
			);
			defaultConfigurationIsVisible = 0;
			defaultConfigurationName = Release;
		};
		6C7C35101D1DD93000A27525 /* Build configuration list for PBXNativeTarget "Rokk3rStore" */ = {
			isa = XCConfigurationList;
			buildConfigurations = (
				6C7C35111D1DD93000A27525 /* Debug */,
				6C7C35121D1DD93000A27525 /* Release */,
			);
			defaultConfigurationIsVisible = 0;
			defaultConfigurationName = Release;
		};
/* End XCConfigurationList section */
	};
	rootObject = 6C7C34F61D1DD92F00A27525 /* Project object */;
}
